
Microsoft Visual Studio Solution File, Format Version 12.00
# Visual Studio Version 17
VisualStudioVersion = 17.10.34916.146
MinimumVisualStudioVersion = 10.0.40219.1
Project("{FAE04EC0-301F-11D3-BF4B-00C04F79EFBC}") = "Balaji", "Balaji.csproj", "{95F89B1C-60C8-41FC-8FBF-909A593B74EA}"
EndProject
Global
	GlobalSection(SolutionConfigurationPlatforms) = preSolution
		Debug|Any CPU = Debug|Any CPU
		Release|Any CPU = Release|Any CPU
	EndGlobalSection
	GlobalSection(ProjectConfigurationPlatforms) = postSolution
		{95F89B1C-60C8-41FC-8FBF-909A593B74EA}.Debug|Any CPU.ActiveCfg = Debug|Any CPU
		{95F89B1C-60C8-41FC-8FBF-909A593B74EA}.Debug|Any CPU.Build.0 = Debug|Any CPU
		{95F89B1C-60C8-41FC-8FBF-909A593B74EA}.Release|Any CPU.ActiveCfg = Release|Any CPU
		{95F89B1C-60C8-41FC-8FBF-909A593B74EA}.Release|Any CPU.Build.0 = Release|Any CPU
	EndGlobalSection
	GlobalSection(SolutionProperties) = preSolution
		HideSolutionNode = FALSE
	EndGlobalSection
	GlobalSection(ExtensibilityGlobals) = postSolution
		SolutionGuid = {400332C3-EA0F-41AA-9378-690224499CD9}
	EndGlobalSection
EndGlobal
